
Microsoft Visual Studio Solution File, Format Version 12.00
# Visual Studio Version 17
VisualStudioVersion = 17.9.34701.34
MinimumVisualStudioVersion = 10.0.40219.1
Project("{9A19103F-16F7-4668-BE54-9A1E7A4F7556}") = "Парсер Текста", "Парсер Текста\Парсер Текста.csproj", "{45C405BA-5A16-456B-AA84-10DB33938010}"
EndProject
Project("{FAE04EC0-301F-11D3-BF4B-00C04F79EFBC}") = "TestProject1", "TestProject1\TestProject1.csproj", "{DCD84439-CCC0-4AC4-9221-79CD970DAD9A}"
EndProject
Global
	GlobalSection(SolutionConfigurationPlatforms) = preSolution
		Debug|Any CPU = Debug|Any CPU
		Release|Any CPU = Release|Any CPU
	EndGlobalSection
	GlobalSection(ProjectConfigurationPlatforms) = postSolution
		{45C405BA-5A16-456B-AA84-10DB33938010}.Debug|Any CPU.ActiveCfg = Debug|Any CPU
		{45C405BA-5A16-456B-AA84-10DB33938010}.Debug|Any CPU.Build.0 = Debug|Any CPU
		{45C405BA-5A16-456B-AA84-10DB33938010}.Release|Any CPU.ActiveCfg = Release|Any CPU
		{45C405BA-5A16-456B-AA84-10DB33938010}.Release|Any CPU.Build.0 = Release|Any CPU
		{DCD84439-CCC0-4AC4-9221-79CD970DAD9A}.Debug|Any CPU.ActiveCfg = Debug|Any CPU
		{DCD84439-CCC0-4AC4-9221-79CD970DAD9A}.Debug|Any CPU.Build.0 = Debug|Any CPU
		{DCD84439-CCC0-4AC4-9221-79CD970DAD9A}.Release|Any CPU.ActiveCfg = Release|Any CPU
		{DCD84439-CCC0-4AC4-9221-79CD970DAD9A}.Release|Any CPU.Build.0 = Release|Any CPU
	EndGlobalSection
	GlobalSection(SolutionProperties) = preSolution
		HideSolutionNode = FALSE
	EndGlobalSection
	GlobalSection(ExtensibilityGlobals) = postSolution
		SolutionGuid = {3395CB84-C82B-4A26-994F-5A4E59DB8413}
	EndGlobalSection
EndGlobal
