
Microsoft Visual Studio Solution File, Format Version 12.00
# Visual Studio Version 17
VisualStudioVersion = 17.9.34701.34
MinimumVisualStudioVersion = 10.0.40219.1
Project("{FAE04EC0-301F-11D3-BF4B-00C04F79EFBC}") = "Форма регистрации и БД", "Форма регистрации и БД\Форма регистрации и БД.csproj", "{3ED22D52-6599-4290-A1CD-D03865306BF4}"
EndProject
Global
	GlobalSection(SolutionConfigurationPlatforms) = preSolution
		Debug|Any CPU = Debug|Any CPU
		Release|Any CPU = Release|Any CPU
	EndGlobalSection
	GlobalSection(ProjectConfigurationPlatforms) = postSolution
		{3ED22D52-6599-4290-A1CD-D03865306BF4}.Debug|Any CPU.ActiveCfg = Debug|Any CPU
		{3ED22D52-6599-4290-A1CD-D03865306BF4}.Debug|Any CPU.Build.0 = Debug|Any CPU
		{3ED22D52-6599-4290-A1CD-D03865306BF4}.Release|Any CPU.ActiveCfg = Release|Any CPU
		{3ED22D52-6599-4290-A1CD-D03865306BF4}.Release|Any CPU.Build.0 = Release|Any CPU
	EndGlobalSection
	GlobalSection(SolutionProperties) = preSolution
		HideSolutionNode = FALSE
	EndGlobalSection
	GlobalSection(ExtensibilityGlobals) = postSolution
		SolutionGuid = {28DC18B4-ED00-4098-B3E0-A5DB035F6EC5}
	EndGlobalSection
EndGlobal
